
Microsoft Visual Studio Solution File, Format Version 12.00
# Visual Studio 14
VisualStudioVersion = 14.0.25420.1
MinimumVisualStudioVersion = 10.0.40219.1
Project("{FAE04EC0-301F-11D3-BF4B-00C04F79EFBC}") = "Fus_WS_9.0_POC_Git", "Fus_WS_9.0_POC_Git\Fus_WS_9.0_POC_Git.csproj", "{57FAD305-0614-43B9-8003-E3A6BEE614F9}"
EndProject
Project("{FAE04EC0-301F-11D3-BF4B-00C04F79EFBC}") = "WpfUI", "WpfUI\WpfUI.csproj", "{E7F16CA5-7C7F-4BD9-9EA5-1FC751ACADA8}"
EndProject
Project("{2150E333-8FDC-42A3-9474-1A3956D46DE8}") = "Managed", "Managed", "{60247132-5E5C-40F4-88B5-891EDD68E9D9}"
EndProject
Project("{2150E333-8FDC-42A3-9474-1A3956D46DE8}") = "Dicom", "Dicom", "{85D3E504-C60C-4369-A120-5564049609A9}"
EndProject
Project("{2150E333-8FDC-42A3-9474-1A3956D46DE8}") = "DicomPersistency", "DicomPersistency", "{510409D6-53FE-4AE5-B3D0-03CC09F8D319}"
EndProject
Project("{2150E333-8FDC-42A3-9474-1A3956D46DE8}") = "Extensions", "Extensions", "{5CE5D78B-4FC9-4883-B363-801C225B5CF7}"
EndProject
Project("{FAE04EC0-301F-11D3-BF4B-00C04F79EFBC}") = "Ws.Extensions", "Extensions\Ws.Extensions.csproj", "{79B49F0D-DF9C-4C4F-8169-0686352589E1}"
EndProject
Project("{FAE04EC0-301F-11D3-BF4B-00C04F79EFBC}") = "Ws.Extensions.Mvvm", "Extensions.Mvvm\Ws.Extensions.Mvvm.csproj", "{037089E8-5112-4347-B5B4-FA84693DDA9D}"
EndProject
Project("{FAE04EC0-301F-11D3-BF4B-00C04F79EFBC}") = "Ws.Extensions.UI.Wpf", "Extensions.Wpf\Ws.Extensions.UI.Wpf.csproj", "{31B8A50F-7C39-4903-8D27-4F07ED22726A}"
EndProject
Global
	GlobalSection(SolutionConfigurationPlatforms) = preSolution
		Debug|Any CPU = Debug|Any CPU
		Debug|x64 = Debug|x64
		Release|Any CPU = Release|Any CPU
		Release|x64 = Release|x64
	EndGlobalSection
	GlobalSection(ProjectConfigurationPlatforms) = postSolution
		{57FAD305-0614-43B9-8003-E3A6BEE614F9}.Debug|Any CPU.ActiveCfg = Debug|Any CPU
		{57FAD305-0614-43B9-8003-E3A6BEE614F9}.Debug|Any CPU.Build.0 = Debug|Any CPU
		{57FAD305-0614-43B9-8003-E3A6BEE614F9}.Debug|x64.ActiveCfg = Debug|Any CPU
		{57FAD305-0614-43B9-8003-E3A6BEE614F9}.Debug|x64.Build.0 = Debug|Any CPU
		{57FAD305-0614-43B9-8003-E3A6BEE614F9}.Release|Any CPU.ActiveCfg = Release|Any CPU
		{57FAD305-0614-43B9-8003-E3A6BEE614F9}.Release|Any CPU.Build.0 = Release|Any CPU
		{57FAD305-0614-43B9-8003-E3A6BEE614F9}.Release|x64.ActiveCfg = Release|Any CPU
		{57FAD305-0614-43B9-8003-E3A6BEE614F9}.Release|x64.Build.0 = Release|Any CPU
		{E7F16CA5-7C7F-4BD9-9EA5-1FC751ACADA8}.Debug|Any CPU.ActiveCfg = Debug|Any CPU
		{E7F16CA5-7C7F-4BD9-9EA5-1FC751ACADA8}.Debug|Any CPU.Build.0 = Debug|Any CPU
		{E7F16CA5-7C7F-4BD9-9EA5-1FC751ACADA8}.Debug|x64.ActiveCfg = Debug|x64
		{E7F16CA5-7C7F-4BD9-9EA5-1FC751ACADA8}.Debug|x64.Build.0 = Debug|x64
		{E7F16CA5-7C7F-4BD9-9EA5-1FC751ACADA8}.Release|Any CPU.ActiveCfg = Release|Any CPU
		{E7F16CA5-7C7F-4BD9-9EA5-1FC751ACADA8}.Release|Any CPU.Build.0 = Release|Any CPU
		{E7F16CA5-7C7F-4BD9-9EA5-1FC751ACADA8}.Release|x64.ActiveCfg = Release|x64
		{E7F16CA5-7C7F-4BD9-9EA5-1FC751ACADA8}.Release|x64.Build.0 = Release|x64
		{79B49F0D-DF9C-4C4F-8169-0686352589E1}.Debug|Any CPU.ActiveCfg = Debug|Any CPU
		{79B49F0D-DF9C-4C4F-8169-0686352589E1}.Debug|Any CPU.Build.0 = Debug|Any CPU
		{79B49F0D-DF9C-4C4F-8169-0686352589E1}.Debug|x64.ActiveCfg = Debug|Any CPU
		{79B49F0D-DF9C-4C4F-8169-0686352589E1}.Debug|x64.Build.0 = Debug|Any CPU
		{79B49F0D-DF9C-4C4F-8169-0686352589E1}.Release|Any CPU.ActiveCfg = Release|Any CPU
		{79B49F0D-DF9C-4C4F-8169-0686352589E1}.Release|Any CPU.Build.0 = Release|Any CPU
		{79B49F0D-DF9C-4C4F-8169-0686352589E1}.Release|x64.ActiveCfg = Release|Any CPU
		{79B49F0D-DF9C-4C4F-8169-0686352589E1}.Release|x64.Build.0 = Release|Any CPU
		{037089E8-5112-4347-B5B4-FA84693DDA9D}.Debug|Any CPU.ActiveCfg = Debug|Any CPU
		{037089E8-5112-4347-B5B4-FA84693DDA9D}.Debug|Any CPU.Build.0 = Debug|Any CPU
		{037089E8-5112-4347-B5B4-FA84693DDA9D}.Debug|x64.ActiveCfg = Debug|Any CPU
		{037089E8-5112-4347-B5B4-FA84693DDA9D}.Debug|x64.Build.0 = Debug|Any CPU
		{037089E8-5112-4347-B5B4-FA84693DDA9D}.Release|Any CPU.ActiveCfg = Release|Any CPU
		{037089E8-5112-4347-B5B4-FA84693DDA9D}.Release|Any CPU.Build.0 = Release|Any CPU
		{037089E8-5112-4347-B5B4-FA84693DDA9D}.Release|x64.ActiveCfg = Release|Any CPU
		{037089E8-5112-4347-B5B4-FA84693DDA9D}.Release|x64.Build.0 = Release|Any CPU
		{31B8A50F-7C39-4903-8D27-4F07ED22726A}.Debug|Any CPU.ActiveCfg = Debug|Any CPU
		{31B8A50F-7C39-4903-8D27-4F07ED22726A}.Debug|Any CPU.Build.0 = Debug|Any CPU
		{31B8A50F-7C39-4903-8D27-4F07ED22726A}.Debug|x64.ActiveCfg = Debug|Any CPU
		{31B8A50F-7C39-4903-8D27-4F07ED22726A}.Debug|x64.Build.0 = Debug|Any CPU
		{31B8A50F-7C39-4903-8D27-4F07ED22726A}.Release|Any CPU.ActiveCfg = Release|Any CPU
		{31B8A50F-7C39-4903-8D27-4F07ED22726A}.Release|Any CPU.Build.0 = Release|Any CPU
		{31B8A50F-7C39-4903-8D27-4F07ED22726A}.Release|x64.ActiveCfg = Release|Any CPU
		{31B8A50F-7C39-4903-8D27-4F07ED22726A}.Release|x64.Build.0 = Release|Any CPU
	EndGlobalSection
	GlobalSection(SolutionProperties) = preSolution
		HideSolutionNode = FALSE
	EndGlobalSection
	GlobalSection(NestedProjects) = preSolution
		{85D3E504-C60C-4369-A120-5564049609A9} = {60247132-5E5C-40F4-88B5-891EDD68E9D9}
		{510409D6-53FE-4AE5-B3D0-03CC09F8D319} = {60247132-5E5C-40F4-88B5-891EDD68E9D9}
		{5CE5D78B-4FC9-4883-B363-801C225B5CF7} = {60247132-5E5C-40F4-88B5-891EDD68E9D9}
		{79B49F0D-DF9C-4C4F-8169-0686352589E1} = {5CE5D78B-4FC9-4883-B363-801C225B5CF7}
		{037089E8-5112-4347-B5B4-FA84693DDA9D} = {5CE5D78B-4FC9-4883-B363-801C225B5CF7}
		{31B8A50F-7C39-4903-8D27-4F07ED22726A} = {5CE5D78B-4FC9-4883-B363-801C225B5CF7}
	EndGlobalSection
EndGlobal
